PODS:
  - PhoneNumberKit (3.3.3):
    - PhoneNumberKit/PhoneNumberKitCore (= 3.3.3)
    - PhoneNumberKit/UIKit (= 3.3.3)
  - PhoneNumberKit/PhoneNumberKitCore (3.3.3)
  - PhoneNumberKit/UIKit (3.3.3):
    - PhoneNumberKit/PhoneNumberKitCore

DEPENDENCIES:
  - PhoneNumberKit

SPEC REPOS:
  trunk:
    - PhoneNumberKit

SPEC CHECKSUMS:
  PhoneNumberKit: 4ce83273551c4d2ae10b7361162f4283dd02835f

PODFILE CHECKSUM: e1ef9605f436d72e218dfa3df3a5f920e776b9b1

COCOAPODS: 1.8.4
